
Microsoft Visual Studio Solution File, Format Version 12.00
# Visual Studio Version 16
VisualStudioVersion = 16.0.31829.152
MinimumVisualStudioVersion = 10.0.40219.1
Project("{2150E333-8FDC-42A3-9474-1A3956D46DE8}") = "Library", "Library", "{9BC88A71-783E-4B8D-8527-EB7BE68E70F7}"
EndProject
Project("{2150E333-8FDC-42A3-9474-1A3956D46DE8}") = "Modules", "Modules", "{D7081999-729F-4D7B-80BE-D2EB4324CAD1}"
EndProject
Project("{FAE04EC0-301F-11D3-BF4B-00C04F79EFBC}") = "ISD.Admin", "ISD.Admin\ISD.Admin.csproj", "{F2F794DC-F81A-40D2-A596-0CEEADCF77EF}"
	ProjectSection(ProjectDependencies) = postProject
		{4BF1222E-812E-448A-9C54-222DEA50B39B} = {4BF1222E-812E-448A-9C54-222DEA50B39B}
		{A8E92833-A945-4116-BEEF-C70A147DA418} = {A8E92833-A945-4116-BEEF-C70A147DA418}
		{7C9C3142-26D1-4DDE-84F9-277FE4838C88} = {7C9C3142-26D1-4DDE-84F9-277FE4838C88}
		{23CE9F47-9D86-4514-80B5-DDD3FFEF1918} = {23CE9F47-9D86-4514-80B5-DDD3FFEF1918}
		{9043B34D-89AB-414F-8CAF-B357B09DEFB7} = {9043B34D-89AB-414F-8CAF-B357B09DEFB7}
		{1C97C96F-16A8-4549-BFAB-5E1EADA0743C} = {1C97C96F-16A8-4549-BFAB-5E1EADA0743C}
		{C5D1E17C-9DA4-41AB-955E-4EB89CF0A531} = {C5D1E17C-9DA4-41AB-955E-4EB89CF0A531}
		{6228C97E-1157-4083-BAFF-0FB3938008BC} = {6228C97E-1157-4083-BAFF-0FB3938008BC}
		{58EA8687-8FE3-4C64-813B-ED04BA06C20F} = {58EA8687-8FE3-4C64-813B-ED04BA06C20F}
		{41334C90-7DDF-47C9-923C-922CA50AF808} = {41334C90-7DDF-47C9-923C-922CA50AF808}
		{FA77C3F1-76AE-4184-8AF7-F5F28A7651DE} = {FA77C3F1-76AE-4184-8AF7-F5F28A7651DE}
		{0185BFF2-CC49-4933-87DC-B7BE22EB9E7A} = {0185BFF2-CC49-4933-87DC-B7BE22EB9E7A}
	EndProjectSection
EndProject
Project("{2150E333-8FDC-42A3-9474-1A3956D46DE8}") = "Presentations", "Presentations", "{B140E407-D8AB-40EB-AFFE-55D011736D38}"
EndProject
Project("{FAE04EC0-301F-11D3-BF4B-00C04F79EFBC}") = "ISD.EntityModels", "ISD.EntityModels\ISD.EntityModels.csproj", "{1ED555ED-4142-4359-BA1F-83F81FB65B5A}"
EndProject
Project("{FAE04EC0-301F-11D3-BF4B-00C04F79EFBC}") = "ISD.Resources", "ISD.Resources\ISD.Resources.csproj", "{86CB4271-113B-440E-970B-CA14C3131D08}"
EndProject
Project("{FAE04EC0-301F-11D3-BF4B-00C04F79EFBC}") = "ISD.Extensions", "ISD.Extensions\ISD.Extensions.csproj", "{3FEBFFB2-7575-4C2C-9141-7A2EA86C48D3}"
EndProject
Project("{FAE04EC0-301F-11D3-BF4B-00C04F79EFBC}") = "Permission", "ISD.Admin\Areas\Permission\Permission.csproj", "{6228C97E-1157-4083-BAFF-0FB3938008BC}"
EndProject
Project("{FAE04EC0-301F-11D3-BF4B-00C04F79EFBC}") = "ISD.ViewModels", "ISD.ViewModels\ISD.ViewModels.csproj", "{9E6D4C80-C34C-462A-82B9-5837D81D996B}"
EndProject
Project("{FAE04EC0-301F-11D3-BF4B-00C04F79EFBC}") = "ISD.Constant", "ISD.Constant\ISD.Constant.csproj", "{5101294B-3F78-48CB-AA08-F9F8E5D64583}"
EndProject
Project("{FAE04EC0-301F-11D3-BF4B-00C04F79EFBC}") = "Utilities", "ISD.Admin\Areas\Utilities\Utilities.csproj", "{C5D1E17C-9DA4-41AB-955E-4EB89CF0A531}"
EndProject
Project("{FAE04EC0-301F-11D3-BF4B-00C04F79EFBC}") = "MasterData", "ISD.Admin\Areas\MasterData\MasterData.csproj", "{A8E92833-A945-4116-BEEF-C70A147DA418}"
EndProject
Project("{FAE04EC0-301F-11D3-BF4B-00C04F79EFBC}") = "ISD.Repositories", "ISD.Repositories\ISD.Repositories.csproj", "{5B7E2F34-1834-4DD1-88F7-ABEEDE5BF821}"
EndProject
Project("{FAE04EC0-301F-11D3-BF4B-00C04F79EFBC}") = "Reports", "ISD.Admin\Areas\Reports\Reports.csproj", "{0185BFF2-CC49-4933-87DC-B7BE22EB9E7A}"
EndProject
Project("{FAE04EC0-301F-11D3-BF4B-00C04F79EFBC}") = "ISD.API", "ISD.API\ISD.API.csproj", "{B38EF191-96BA-42BA-989C-0356C901834E}"
EndProject
Project("{FAE04EC0-301F-11D3-BF4B-00C04F79EFBC}") = "Customer", "ISD.Admin\Areas\Customer\Customer.csproj", "{9043B34D-89AB-414F-8CAF-B357B09DEFB7}"
EndProject
Project("{FAE04EC0-301F-11D3-BF4B-00C04F79EFBC}") = "ISD.Core", "ISD.Core\ISD.Core.csproj", "{F99715F3-AA9A-4BED-926D-31C43DE11C75}"
EndProject
Project("{FAE04EC0-301F-11D3-BF4B-00C04F79EFBC}") = "Maintenance", "ISD.Admin\Areas\Maintenance\Maintenance.csproj", "{23CE9F47-9D86-4514-80B5-DDD3FFEF1918}"
EndProject
Project("{FAE04EC0-301F-11D3-BF4B-00C04F79EFBC}") = "Work", "ISD.Admin\Areas\Work\Work.csproj", "{58EA8687-8FE3-4C64-813B-ED04BA06C20F}"
EndProject
Project("{FAE04EC0-301F-11D3-BF4B-00C04F79EFBC}") = "Sale", "ISD.Admin\Areas\Sale\Sale.csproj", "{FA77C3F1-76AE-4184-8AF7-F5F28A7651DE}"
EndProject
Project("{FAE04EC0-301F-11D3-BF4B-00C04F79EFBC}") = "WF_SyncData", "WF_SyncData\WF_SyncData.csproj", "{98799EF5-A05E-4FD8-A9A4-E3D4145E8CA4}"
EndProject
Project("{FAE04EC0-301F-11D3-BF4B-00C04F79EFBC}") = "Warehouse", "ISD.Admin\Areas\Warehouse\Warehouse.csproj", "{41334C90-7DDF-47C9-923C-922CA50AF808}"
EndProject
Project("{FAE04EC0-301F-11D3-BF4B-00C04F79EFBC}") = "Warranty", "Warranty\Warranty.csproj", "{7C9C3142-26D1-4DDE-84F9-277FE4838C88}"
EndProject
Project("{FAE04EC0-301F-11D3-BF4B-00C04F79EFBC}") = "Marketing", "ISD.Admin\Areas\Marketing\Marketing.csproj", "{1C97C96F-16A8-4549-BFAB-5E1EADA0743C}"
EndProject
Project("{9A19103F-16F7-4668-BE54-9A1E7A4F7556}") = "ISD.API2", "ISD.API2\ISD.API2.csproj", "{4BF1222E-812E-448A-9C54-222DEA50B39B}"
EndProject
Project("{2150E333-8FDC-42A3-9474-1A3956D46DE8}") = "LibraryAPI", "LibraryAPI", "{0F99C46E-75B1-4B26-A237-425DB9EAE950}"
EndProject
Project("{9A19103F-16F7-4668-BE54-9A1E7A4F7556}") = "ISD.API.EntityModels", "ISD.API.EntityModels\ISD.API.EntityModels.csproj", "{1969722D-E760-4488-B91E-6C19708FE2B5}"
EndProject
Project("{9A19103F-16F7-4668-BE54-9A1E7A4F7556}") = "ISD.API.Repositories", "ISD.API.Repositories\ISD.API.Repositories.csproj", "{7E8EF2F3-C223-4509-8919-EC80AD29231F}"
EndProject
Project("{9A19103F-16F7-4668-BE54-9A1E7A4F7556}") = "ISD.API.ViewModels", "ISD.API.ViewModels\ISD.API.ViewModels.csproj", "{059633C5-11C7-4F29-878C-D87438F827D5}"
EndProject
Project("{9A19103F-16F7-4668-BE54-9A1E7A4F7556}") = "ISD.API.Core", "ISD.API.Core\ISD.API.Core.csproj", "{B9C91943-E5BB-49E5-A145-7601B2D819F3}"
EndProject
Project("{FAE04EC0-301F-11D3-BF4B-00C04F79EFBC}") = "ISD.WinForm", "ISD.WinForm\ISD.WinForm.csproj", "{5828FAAC-2E81-4079-A205-FC0570E517A6}"
EndProject
Global
	GlobalSection(SolutionConfigurationPlatforms) = preSolution
		Debug|Any CPU = Debug|Any CPU
		Debug|x86 = Debug|x86
		Release|Any CPU = Release|Any CPU
		Release|x86 = Release|x86
	EndGlobalSection
	GlobalSection(ProjectConfigurationPlatforms) = postSolution
		{F2F794DC-F81A-40D2-A596-0CEEADCF77EF}.Debug|Any CPU.ActiveCfg = Debug|Any CPU
		{F2F794DC-F81A-40D2-A596-0CEEADCF77EF}.Debug|Any CPU.Build.0 = Debug|Any CPU
		{F2F794DC-F81A-40D2-A596-0CEEADCF77EF}.Debug|x86.ActiveCfg = Debug|Any CPU
		{F2F794DC-F81A-40D2-A596-0CEEADCF77EF}.Debug|x86.Build.0 = Debug|Any CPU
		{F2F794DC-F81A-40D2-A596-0CEEADCF77EF}.Release|Any CPU.ActiveCfg = Release|Any CPU
		{F2F794DC-F81A-40D2-A596-0CEEADCF77EF}.Release|Any CPU.Build.0 = Release|Any CPU
		{F2F794DC-F81A-40D2-A596-0CEEADCF77EF}.Release|x86.ActiveCfg = Release|Any CPU
		{F2F794DC-F81A-40D2-A596-0CEEADCF77EF}.Release|x86.Build.0 = Release|Any CPU
		{1ED555ED-4142-4359-BA1F-83F81FB65B5A}.Debug|Any CPU.ActiveCfg = Debug|Any CPU
		{1ED555ED-4142-4359-BA1F-83F81FB65B5A}.Debug|Any CPU.Build.0 = Debug|Any CPU
		{1ED555ED-4142-4359-BA1F-83F81FB65B5A}.Debug|x86.ActiveCfg = Debug|Any CPU
		{1ED555ED-4142-4359-BA1F-83F81FB65B5A}.Debug|x86.Build.0 = Debug|Any CPU
		{1ED555ED-4142-4359-BA1F-83F81FB65B5A}.Release|Any CPU.ActiveCfg = Release|Any CPU
		{1ED555ED-4142-4359-BA1F-83F81FB65B5A}.Release|Any CPU.Build.0 = Release|Any CPU
		{1ED555ED-4142-4359-BA1F-83F81FB65B5A}.Release|x86.ActiveCfg = Release|Any CPU
		{1ED555ED-4142-4359-BA1F-83F81FB65B5A}.Release|x86.Build.0 = Release|Any CPU
		{86CB4271-113B-440E-970B-CA14C3131D08}.Debug|Any CPU.ActiveCfg = Debug|Any CPU
		{86CB4271-113B-440E-970B-CA14C3131D08}.Debug|Any CPU.Build.0 = Debug|Any CPU
		{86CB4271-113B-440E-970B-CA14C3131D08}.Debug|x86.ActiveCfg = Debug|Any CPU
		{86CB4271-113B-440E-970B-CA14C3131D08}.Debug|x86.Build.0 = Debug|Any CPU
		{86CB4271-113B-440E-970B-CA14C3131D08}.Release|Any CPU.ActiveCfg = Release|Any CPU
		{86CB4271-113B-440E-970B-CA14C3131D08}.Release|Any CPU.Build.0 = Release|Any CPU
		{86CB4271-113B-440E-970B-CA14C3131D08}.Release|x86.ActiveCfg = Release|Any CPU
		{86CB4271-113B-440E-970B-CA14C3131D08}.Release|x86.Build.0 = Release|Any CPU
		{3FEBFFB2-7575-4C2C-9141-7A2EA86C48D3}.Debug|Any CPU.ActiveCfg = Debug|Any CPU
		{3FEBFFB2-7575-4C2C-9141-7A2EA86C48D3}.Debug|Any CPU.Build.0 = Debug|Any CPU
		{3FEBFFB2-7575-4C2C-9141-7A2EA86C48D3}.Debug|x86.ActiveCfg = Debug|Any CPU
		{3FEBFFB2-7575-4C2C-9141-7A2EA86C48D3}.Debug|x86.Build.0 = Debug|Any CPU
		{3FEBFFB2-7575-4C2C-9141-7A2EA86C48D3}.Release|Any CPU.ActiveCfg = Release|Any CPU
		{3FEBFFB2-7575-4C2C-9141-7A2EA86C48D3}.Release|Any CPU.Build.0 = Release|Any CPU
		{3FEBFFB2-7575-4C2C-9141-7A2EA86C48D3}.Release|x86.ActiveCfg = Release|Any CPU
		{3FEBFFB2-7575-4C2C-9141-7A2EA86C48D3}.Release|x86.Build.0 = Release|Any CPU
		{6228C97E-1157-4083-BAFF-0FB3938008BC}.Debug|Any CPU.ActiveCfg = Debug|Any CPU
		{6228C97E-1157-4083-BAFF-0FB3938008BC}.Debug|Any CPU.Build.0 = Debug|Any CPU
		{6228C97E-1157-4083-BAFF-0FB3938008BC}.Debug|x86.ActiveCfg = Debug|Any CPU
		{6228C97E-1157-4083-BAFF-0FB3938008BC}.Debug|x86.Build.0 = Debug|Any CPU
		{6228C97E-1157-4083-BAFF-0FB3938008BC}.Release|Any CPU.ActiveCfg = Release|Any CPU
		{6228C97E-1157-4083-BAFF-0FB3938008BC}.Release|Any CPU.Build.0 = Release|Any CPU
		{6228C97E-1157-4083-BAFF-0FB3938008BC}.Release|x86.ActiveCfg = Release|Any CPU
		{6228C97E-1157-4083-BAFF-0FB3938008BC}.Release|x86.Build.0 = Release|Any CPU
		{9E6D4C80-C34C-462A-82B9-5837D81D996B}.Debug|Any CPU.ActiveCfg = Debug|Any CPU
		{9E6D4C80-C34C-462A-82B9-5837D81D996B}.Debug|Any CPU.Build.0 = Debug|Any CPU
		{9E6D4C80-C34C-462A-82B9-5837D81D996B}.Debug|x86.ActiveCfg = Debug|Any CPU
		{9E6D4C80-C34C-462A-82B9-5837D81D996B}.Debug|x86.Build.0 = Debug|Any CPU
		{9E6D4C80-C34C-462A-82B9-5837D81D996B}.Release|Any CPU.ActiveCfg = Release|Any CPU
		{9E6D4C80-C34C-462A-82B9-5837D81D996B}.Release|Any CPU.Build.0 = Release|Any CPU
		{9E6D4C80-C34C-462A-82B9-5837D81D996B}.Release|x86.ActiveCfg = Release|Any CPU
		{9E6D4C80-C34C-462A-82B9-5837D81D996B}.Release|x86.Build.0 = Release|Any CPU
		{5101294B-3F78-48CB-AA08-F9F8E5D64583}.Debug|Any CPU.ActiveCfg = Debug|Any CPU
		{5101294B-3F78-48CB-AA08-F9F8E5D64583}.Debug|Any CPU.Build.0 = Debug|Any CPU
		{5101294B-3F78-48CB-AA08-F9F8E5D64583}.Debug|x86.ActiveCfg = Debug|Any CPU
		{5101294B-3F78-48CB-AA08-F9F8E5D64583}.Debug|x86.Build.0 = Debug|Any CPU
		{5101294B-3F78-48CB-AA08-F9F8E5D64583}.Release|Any CPU.ActiveCfg = Release|Any CPU
		{5101294B-3F78-48CB-AA08-F9F8E5D64583}.Release|Any CPU.Build.0 = Release|Any CPU
		{5101294B-3F78-48CB-AA08-F9F8E5D64583}.Release|x86.ActiveCfg = Release|Any CPU
		{5101294B-3F78-48CB-AA08-F9F8E5D64583}.Release|x86.Build.0 = Release|Any CPU
		{C5D1E17C-9DA4-41AB-955E-4EB89CF0A531}.Debug|Any CPU.ActiveCfg = Debug|Any CPU
		{C5D1E17C-9DA4-41AB-955E-4EB89CF0A531}.Debug|Any CPU.Build.0 = Debug|Any CPU
		{C5D1E17C-9DA4-41AB-955E-4EB89CF0A531}.Debug|x86.ActiveCfg = Debug|Any CPU
		{C5D1E17C-9DA4-41AB-955E-4EB89CF0A531}.Debug|x86.Build.0 = Debug|Any CPU
		{C5D1E17C-9DA4-41AB-955E-4EB89CF0A531}.Release|Any CPU.ActiveCfg = Release|Any CPU
		{C5D1E17C-9DA4-41AB-955E-4EB89CF0A531}.Release|Any CPU.Build.0 = Release|Any CPU
		{C5D1E17C-9DA4-41AB-955E-4EB89CF0A531}.Release|x86.ActiveCfg = Release|Any CPU
		{C5D1E17C-9DA4-41AB-955E-4EB89CF0A531}.Release|x86.Build.0 = Release|Any CPU
		{A8E92833-A945-4116-BEEF-C70A147DA418}.Debug|Any CPU.ActiveCfg = Debug|Any CPU
		{A8E92833-A945-4116-BEEF-C70A147DA418}.Debug|Any CPU.Build.0 = Debug|Any CPU
		{A8E92833-A945-4116-BEEF-C70A147DA418}.Debug|x86.ActiveCfg = Debug|Any CPU
		{A8E92833-A945-4116-BEEF-C70A147DA418}.Debug|x86.Build.0 = Debug|Any CPU
		{A8E92833-A945-4116-BEEF-C70A147DA418}.Release|Any CPU.ActiveCfg = Release|Any CPU
		{A8E92833-A945-4116-BEEF-C70A147DA418}.Release|Any CPU.Build.0 = Release|Any CPU
		{A8E92833-A945-4116-BEEF-C70A147DA418}.Release|x86.ActiveCfg = Release|Any CPU
		{A8E92833-A945-4116-BEEF-C70A147DA418}.Release|x86.Build.0 = Release|Any CPU
		{5B7E2F34-1834-4DD1-88F7-ABEEDE5BF821}.Debug|Any CPU.ActiveCfg = Debug|Any CPU
		{5B7E2F34-1834-4DD1-88F7-ABEEDE5BF821}.Debug|Any CPU.Build.0 = Debug|Any CPU
		{5B7E2F34-1834-4DD1-88F7-ABEEDE5BF821}.Debug|x86.ActiveCfg = Debug|Any CPU
		{5B7E2F34-1834-4DD1-88F7-ABEEDE5BF821}.Debug|x86.Build.0 = Debug|Any CPU
		{5B7E2F34-1834-4DD1-88F7-ABEEDE5BF821}.Release|Any CPU.ActiveCfg = Release|Any CPU
		{5B7E2F34-1834-4DD1-88F7-ABEEDE5BF821}.Release|Any CPU.Build.0 = Release|Any CPU
		{5B7E2F34-1834-4DD1-88F7-ABEEDE5BF821}.Release|x86.ActiveCfg = Release|Any CPU
		{5B7E2F34-1834-4DD1-88F7-ABEEDE5BF821}.Release|x86.Build.0 = Release|Any CPU
		{0185BFF2-CC49-4933-87DC-B7BE22EB9E7A}.Debug|Any CPU.ActiveCfg = Debug|Any CPU
		{0185BFF2-CC49-4933-87DC-B7BE22EB9E7A}.Debug|Any CPU.Build.0 = Debug|Any CPU
		{0185BFF2-CC49-4933-87DC-B7BE22EB9E7A}.Debug|x86.ActiveCfg = Debug|Any CPU
		{0185BFF2-CC49-4933-87DC-B7BE22EB9E7A}.Debug|x86.Build.0 = Debug|Any CPU
		{0185BFF2-CC49-4933-87DC-B7BE22EB9E7A}.Release|Any CPU.ActiveCfg = Release|Any CPU
		{0185BFF2-CC49-4933-87DC-B7BE22EB9E7A}.Release|Any CPU.Build.0 = Release|Any CPU
		{0185BFF2-CC49-4933-87DC-B7BE22EB9E7A}.Release|x86.ActiveCfg = Release|Any CPU
		{0185BFF2-CC49-4933-87DC-B7BE22EB9E7A}.Release|x86.Build.0 = Release|Any CPU
		{B38EF191-96BA-42BA-989C-0356C901834E}.Debug|Any CPU.ActiveCfg = Debug|Any CPU
		{B38EF191-96BA-42BA-989C-0356C901834E}.Debug|Any CPU.Build.0 = Debug|Any CPU
		{B38EF191-96BA-42BA-989C-0356C901834E}.Debug|x86.ActiveCfg = Debug|Any CPU
		{B38EF191-96BA-42BA-989C-0356C901834E}.Debug|x86.Build.0 = Debug|Any CPU
		{B38EF191-96BA-42BA-989C-0356C901834E}.Release|Any CPU.ActiveCfg = Release|Any CPU
		{B38EF191-96BA-42BA-989C-0356C901834E}.Release|Any CPU.Build.0 = Release|Any CPU
		{B38EF191-96BA-42BA-989C-0356C901834E}.Release|x86.ActiveCfg = Release|Any CPU
		{B38EF191-96BA-42BA-989C-0356C901834E}.Release|x86.Build.0 = Release|Any CPU
		{9043B34D-89AB-414F-8CAF-B357B09DEFB7}.Debug|Any CPU.ActiveCfg = Debug|Any CPU
		{9043B34D-89AB-414F-8CAF-B357B09DEFB7}.Debug|Any CPU.Build.0 = Debug|Any CPU
		{9043B34D-89AB-414F-8CAF-B357B09DEFB7}.Debug|x86.ActiveCfg = Debug|Any CPU
		{9043B34D-89AB-414F-8CAF-B357B09DEFB7}.Debug|x86.Build.0 = Debug|Any CPU
		{9043B34D-89AB-414F-8CAF-B357B09DEFB7}.Release|Any CPU.ActiveCfg = Release|Any CPU
		{9043B34D-89AB-414F-8CAF-B357B09DEFB7}.Release|Any CPU.Build.0 = Release|Any CPU
		{9043B34D-89AB-414F-8CAF-B357B09DEFB7}.Release|x86.ActiveCfg = Release|Any CPU
		{9043B34D-89AB-414F-8CAF-B357B09DEFB7}.Release|x86.Build.0 = Release|Any CPU
		{F99715F3-AA9A-4BED-926D-31C43DE11C75}.Debug|Any CPU.ActiveCfg = Debug|Any CPU
		{F99715F3-AA9A-4BED-926D-31C43DE11C75}.Debug|Any CPU.Build.0 = Debug|Any CPU
		{F99715F3-AA9A-4BED-926D-31C43DE11C75}.Debug|x86.ActiveCfg = Debug|Any CPU
		{F99715F3-AA9A-4BED-926D-31C43DE11C75}.Debug|x86.Build.0 = Debug|Any CPU
		{F99715F3-AA9A-4BED-926D-31C43DE11C75}.Release|Any CPU.ActiveCfg = Release|Any CPU
		{F99715F3-AA9A-4BED-926D-31C43DE11C75}.Release|Any CPU.Build.0 = Release|Any CPU
		{F99715F3-AA9A-4BED-926D-31C43DE11C75}.Release|x86.ActiveCfg = Release|Any CPU
		{F99715F3-AA9A-4BED-926D-31C43DE11C75}.Release|x86.Build.0 = Release|Any CPU
		{23CE9F47-9D86-4514-80B5-DDD3FFEF1918}.Debug|Any CPU.ActiveCfg = Debug|Any CPU
		{23CE9F47-9D86-4514-80B5-DDD3FFEF1918}.Debug|Any CPU.Build.0 = Debug|Any CPU
		{23CE9F47-9D86-4514-80B5-DDD3FFEF1918}.Debug|x86.ActiveCfg = Debug|Any CPU
		{23CE9F47-9D86-4514-80B5-DDD3FFEF1918}.Debug|x86.Build.0 = Debug|Any CPU
		{23CE9F47-9D86-4514-80B5-DDD3FFEF1918}.Release|Any CPU.ActiveCfg = Release|Any CPU
		{23CE9F47-9D86-4514-80B5-DDD3FFEF1918}.Release|Any CPU.Build.0 = Release|Any CPU
		{23CE9F47-9D86-4514-80B5-DDD3FFEF1918}.Release|x86.ActiveCfg = Release|Any CPU
		{23CE9F47-9D86-4514-80B5-DDD3FFEF1918}.Release|x86.Build.0 = Release|Any CPU
		{58EA8687-8FE3-4C64-813B-ED04BA06C20F}.Debug|Any CPU.ActiveCfg = Debug|Any CPU
		{58EA8687-8FE3-4C64-813B-ED04BA06C20F}.Debug|Any CPU.Build.0 = Debug|Any CPU
		{58EA8687-8FE3-4C64-813B-ED04BA06C20F}.Debug|x86.ActiveCfg = Debug|Any CPU
		{58EA8687-8FE3-4C64-813B-ED04BA06C20F}.Debug|x86.Build.0 = Debug|Any CPU
		{58EA8687-8FE3-4C64-813B-ED04BA06C20F}.Release|Any CPU.ActiveCfg = Release|Any CPU
		{58EA8687-8FE3-4C64-813B-ED04BA06C20F}.Release|Any CPU.Build.0 = Release|Any CPU
		{58EA8687-8FE3-4C64-813B-ED04BA06C20F}.Release|x86.ActiveCfg = Release|Any CPU
		{58EA8687-8FE3-4C64-813B-ED04BA06C20F}.Release|x86.Build.0 = Release|Any CPU
		{FA77C3F1-76AE-4184-8AF7-F5F28A7651DE}.Debug|Any CPU.ActiveCfg = Debug|Any CPU
		{FA77C3F1-76AE-4184-8AF7-F5F28A7651DE}.Debug|Any CPU.Build.0 = Debug|Any CPU
		{FA77C3F1-76AE-4184-8AF7-F5F28A7651DE}.Debug|x86.ActiveCfg = Debug|Any CPU
		{FA77C3F1-76AE-4184-8AF7-F5F28A7651DE}.Debug|x86.Build.0 = Debug|Any CPU
		{FA77C3F1-76AE-4184-8AF7-F5F28A7651DE}.Release|Any CPU.ActiveCfg = Release|Any CPU
		{FA77C3F1-76AE-4184-8AF7-F5F28A7651DE}.Release|Any CPU.Build.0 = Release|Any CPU
		{FA77C3F1-76AE-4184-8AF7-F5F28A7651DE}.Release|x86.ActiveCfg = Release|Any CPU
		{FA77C3F1-76AE-4184-8AF7-F5F28A7651DE}.Release|x86.Build.0 = Release|Any CPU
		{98799EF5-A05E-4FD8-A9A4-E3D4145E8CA4}.Debug|Any CPU.ActiveCfg = Debug|Any CPU
		{98799EF5-A05E-4FD8-A9A4-E3D4145E8CA4}.Debug|Any CPU.Build.0 = Debug|Any CPU
		{98799EF5-A05E-4FD8-A9A4-E3D4145E8CA4}.Debug|x86.ActiveCfg = Debug|Any CPU
		{98799EF5-A05E-4FD8-A9A4-E3D4145E8CA4}.Debug|x86.Build.0 = Debug|Any CPU
		{98799EF5-A05E-4FD8-A9A4-E3D4145E8CA4}.Release|Any CPU.ActiveCfg = Release|Any CPU
		{98799EF5-A05E-4FD8-A9A4-E3D4145E8CA4}.Release|Any CPU.Build.0 = Release|Any CPU
		{98799EF5-A05E-4FD8-A9A4-E3D4145E8CA4}.Release|x86.ActiveCfg = Release|Any CPU
		{98799EF5-A05E-4FD8-A9A4-E3D4145E8CA4}.Release|x86.Build.0 = Release|Any CPU
		{41334C90-7DDF-47C9-923C-922CA50AF808}.Debug|Any CPU.ActiveCfg = Debug|Any CPU
		{41334C90-7DDF-47C9-923C-922CA50AF808}.Debug|Any CPU.Build.0 = Debug|Any CPU
		{41334C90-7DDF-47C9-923C-922CA50AF808}.Debug|x86.ActiveCfg = Debug|Any CPU
		{41334C90-7DDF-47C9-923C-922CA50AF808}.Debug|x86.Build.0 = Debug|Any CPU
		{41334C90-7DDF-47C9-923C-922CA50AF808}.Release|Any CPU.ActiveCfg = Release|Any CPU
		{41334C90-7DDF-47C9-923C-922CA50AF808}.Release|Any CPU.Build.0 = Release|Any CPU
		{41334C90-7DDF-47C9-923C-922CA50AF808}.Release|x86.ActiveCfg = Release|Any CPU
		{41334C90-7DDF-47C9-923C-922CA50AF808}.Release|x86.Build.0 = Release|Any CPU
		{7C9C3142-26D1-4DDE-84F9-277FE4838C88}.Debug|Any CPU.ActiveCfg = Debug|Any CPU
		{7C9C3142-26D1-4DDE-84F9-277FE4838C88}.Debug|Any CPU.Build.0 = Debug|Any CPU
		{7C9C3142-26D1-4DDE-84F9-277FE4838C88}.Debug|x86.ActiveCfg = Debug|Any CPU
		{7C9C3142-26D1-4DDE-84F9-277FE4838C88}.Debug|x86.Build.0 = Debug|Any CPU
		{7C9C3142-26D1-4DDE-84F9-277FE4838C88}.Release|Any CPU.ActiveCfg = Release|Any CPU
		{7C9C3142-26D1-4DDE-84F9-277FE4838C88}.Release|Any CPU.Build.0 = Release|Any CPU
		{7C9C3142-26D1-4DDE-84F9-277FE4838C88}.Release|x86.ActiveCfg = Release|Any CPU
		{7C9C3142-26D1-4DDE-84F9-277FE4838C88}.Release|x86.Build.0 = Release|Any CPU
		{1C97C96F-16A8-4549-BFAB-5E1EADA0743C}.Debug|Any CPU.ActiveCfg = Debug|Any CPU
		{1C97C96F-16A8-4549-BFAB-5E1EADA0743C}.Debug|Any CPU.Build.0 = Debug|Any CPU
		{1C97C96F-16A8-4549-BFAB-5E1EADA0743C}.Debug|x86.ActiveCfg = Debug|Any CPU
		{1C97C96F-16A8-4549-BFAB-5E1EADA0743C}.Debug|x86.Build.0 = Debug|Any CPU
		{1C97C96F-16A8-4549-BFAB-5E1EADA0743C}.Release|Any CPU.ActiveCfg = Release|Any CPU
		{1C97C96F-16A8-4549-BFAB-5E1EADA0743C}.Release|Any CPU.Build.0 = Release|Any CPU
		{1C97C96F-16A8-4549-BFAB-5E1EADA0743C}.Release|x86.ActiveCfg = Release|Any CPU
		{1C97C96F-16A8-4549-BFAB-5E1EADA0743C}.Release|x86.Build.0 = Release|Any CPU
		{4BF1222E-812E-448A-9C54-222DEA50B39B}.Debug|Any CPU.ActiveCfg = Debug|Any CPU
		{4BF1222E-812E-448A-9C54-222DEA50B39B}.Debug|Any CPU.Build.0 = Debug|Any CPU
		{4BF1222E-812E-448A-9C54-222DEA50B39B}.Debug|x86.ActiveCfg = Debug|Any CPU
		{4BF1222E-812E-448A-9C54-222DEA50B39B}.Debug|x86.Build.0 = Debug|Any CPU
		{4BF1222E-812E-448A-9C54-222DEA50B39B}.Release|Any CPU.ActiveCfg = Release|Any CPU
		{4BF1222E-812E-448A-9C54-222DEA50B39B}.Release|Any CPU.Build.0 = Release|Any CPU
		{4BF1222E-812E-448A-9C54-222DEA50B39B}.Release|x86.ActiveCfg = Release|Any CPU
		{4BF1222E-812E-448A-9C54-222DEA50B39B}.Release|x86.Build.0 = Release|Any CPU
		{1969722D-E760-4488-B91E-6C19708FE2B5}.Debug|Any CPU.ActiveCfg = Debug|Any CPU
		{1969722D-E760-4488-B91E-6C19708FE2B5}.Debug|Any CPU.Build.0 = Debug|Any CPU
		{1969722D-E760-4488-B91E-6C19708FE2B5}.Debug|x86.ActiveCfg = Debug|Any CPU
		{1969722D-E760-4488-B91E-6C19708FE2B5}.Debug|x86.Build.0 = Debug|Any CPU
		{1969722D-E760-4488-B91E-6C19708FE2B5}.Release|Any CPU.ActiveCfg = Release|Any CPU
		{1969722D-E760-4488-B91E-6C19708FE2B5}.Release|Any CPU.Build.0 = Release|Any CPU
		{1969722D-E760-4488-B91E-6C19708FE2B5}.Release|x86.ActiveCfg = Release|Any CPU
		{1969722D-E760-4488-B91E-6C19708FE2B5}.Release|x86.Build.0 = Release|Any CPU
		{7E8EF2F3-C223-4509-8919-EC80AD29231F}.Debug|Any CPU.ActiveCfg = Debug|Any CPU
		{7E8EF2F3-C223-4509-8919-EC80AD29231F}.Debug|Any CPU.Build.0 = Debug|Any CPU
		{7E8EF2F3-C223-4509-8919-EC80AD29231F}.Debug|x86.ActiveCfg = Debug|Any CPU
		{7E8EF2F3-C223-4509-8919-EC80AD29231F}.Debug|x86.Build.0 = Debug|Any CPU
		{7E8EF2F3-C223-4509-8919-EC80AD29231F}.Release|Any CPU.ActiveCfg = Release|Any CPU
		{7E8EF2F3-C223-4509-8919-EC80AD29231F}.Release|Any CPU.Build.0 = Release|Any CPU
		{7E8EF2F3-C223-4509-8919-EC80AD29231F}.Release|x86.ActiveCfg = Release|Any CPU
		{7E8EF2F3-C223-4509-8919-EC80AD29231F}.Release|x86.Build.0 = Release|Any CPU
		{059633C5-11C7-4F29-878C-D87438F827D5}.Debug|Any CPU.ActiveCfg = Debug|Any CPU
		{059633C5-11C7-4F29-878C-D87438F827D5}.Debug|Any CPU.Build.0 = Debug|Any CPU
		{059633C5-11C7-4F29-878C-D87438F827D5}.Debug|x86.ActiveCfg = Debug|Any CPU
		{059633C5-11C7-4F29-878C-D87438F827D5}.Debug|x86.Build.0 = Debug|Any CPU
		{059633C5-11C7-4F29-878C-D87438F827D5}.Release|Any CPU.ActiveCfg = Release|Any CPU
		{059633C5-11C7-4F29-878C-D87438F827D5}.Release|Any CPU.Build.0 = Release|Any CPU
		{059633C5-11C7-4F29-878C-D87438F827D5}.Release|x86.ActiveCfg = Release|Any CPU
		{059633C5-11C7-4F29-878C-D87438F827D5}.Release|x86.Build.0 = Release|Any CPU
		{B9C91943-E5BB-49E5-A145-7601B2D819F3}.Debug|Any CPU.ActiveCfg = Debug|Any CPU
		{B9C91943-E5BB-49E5-A145-7601B2D819F3}.Debug|Any CPU.Build.0 = Debug|Any CPU
		{B9C91943-E5BB-49E5-A145-7601B2D819F3}.Debug|x86.ActiveCfg = Debug|Any CPU
		{B9C91943-E5BB-49E5-A145-7601B2D819F3}.Debug|x86.Build.0 = Debug|Any CPU
		{B9C91943-E5BB-49E5-A145-7601B2D819F3}.Release|Any CPU.ActiveCfg = Release|Any CPU
		{B9C91943-E5BB-49E5-A145-7601B2D819F3}.Release|Any CPU.Build.0 = Release|Any CPU
		{B9C91943-E5BB-49E5-A145-7601B2D819F3}.Release|x86.ActiveCfg = Release|Any CPU
		{B9C91943-E5BB-49E5-A145-7601B2D819F3}.Release|x86.Build.0 = Release|Any CPU
		{5828FAAC-2E81-4079-A205-FC0570E517A6}.Debug|Any CPU.ActiveCfg = Debug|Any CPU
		{5828FAAC-2E81-4079-A205-FC0570E517A6}.Debug|Any CPU.Build.0 = Debug|Any CPU
		{5828FAAC-2E81-4079-A205-FC0570E517A6}.Debug|x86.ActiveCfg = Debug|Any CPU
		{5828FAAC-2E81-4079-A205-FC0570E517A6}.Debug|x86.Build.0 = Debug|Any CPU
		{5828FAAC-2E81-4079-A205-FC0570E517A6}.Release|Any CPU.ActiveCfg = Release|Any CPU
		{5828FAAC-2E81-4079-A205-FC0570E517A6}.Release|Any CPU.Build.0 = Release|Any CPU
		{5828FAAC-2E81-4079-A205-FC0570E517A6}.Release|x86.ActiveCfg = Release|Any CPU
		{5828FAAC-2E81-4079-A205-FC0570E517A6}.Release|x86.Build.0 = Release|Any CPU
	EndGlobalSection
	GlobalSection(SolutionProperties) = preSolution
		HideSolutionNode = FALSE
	EndGlobalSection
	GlobalSection(NestedProjects) = preSolution
		{F2F794DC-F81A-40D2-A596-0CEEADCF77EF} = {B140E407-D8AB-40EB-AFFE-55D011736D38}
		{1ED555ED-4142-4359-BA1F-83F81FB65B5A} = {9BC88A71-783E-4B8D-8527-EB7BE68E70F7}
		{86CB4271-113B-440E-970B-CA14C3131D08} = {9BC88A71-783E-4B8D-8527-EB7BE68E70F7}
		{3FEBFFB2-7575-4C2C-9141-7A2EA86C48D3} = {9BC88A71-783E-4B8D-8527-EB7BE68E70F7}
		{6228C97E-1157-4083-BAFF-0FB3938008BC} = {D7081999-729F-4D7B-80BE-D2EB4324CAD1}
		{9E6D4C80-C34C-462A-82B9-5837D81D996B} = {9BC88A71-783E-4B8D-8527-EB7BE68E70F7}
		{5101294B-3F78-48CB-AA08-F9F8E5D64583} = {9BC88A71-783E-4B8D-8527-EB7BE68E70F7}
		{C5D1E17C-9DA4-41AB-955E-4EB89CF0A531} = {D7081999-729F-4D7B-80BE-D2EB4324CAD1}
		{A8E92833-A945-4116-BEEF-C70A147DA418} = {D7081999-729F-4D7B-80BE-D2EB4324CAD1}
		{5B7E2F34-1834-4DD1-88F7-ABEEDE5BF821} = {9BC88A71-783E-4B8D-8527-EB7BE68E70F7}
		{0185BFF2-CC49-4933-87DC-B7BE22EB9E7A} = {D7081999-729F-4D7B-80BE-D2EB4324CAD1}
		{B38EF191-96BA-42BA-989C-0356C901834E} = {B140E407-D8AB-40EB-AFFE-55D011736D38}
		{9043B34D-89AB-414F-8CAF-B357B09DEFB7} = {D7081999-729F-4D7B-80BE-D2EB4324CAD1}
		{F99715F3-AA9A-4BED-926D-31C43DE11C75} = {9BC88A71-783E-4B8D-8527-EB7BE68E70F7}
		{23CE9F47-9D86-4514-80B5-DDD3FFEF1918} = {D7081999-729F-4D7B-80BE-D2EB4324CAD1}
		{58EA8687-8FE3-4C64-813B-ED04BA06C20F} = {D7081999-729F-4D7B-80BE-D2EB4324CAD1}
		{FA77C3F1-76AE-4184-8AF7-F5F28A7651DE} = {D7081999-729F-4D7B-80BE-D2EB4324CAD1}
		{98799EF5-A05E-4FD8-A9A4-E3D4145E8CA4} = {B140E407-D8AB-40EB-AFFE-55D011736D38}
		{41334C90-7DDF-47C9-923C-922CA50AF808} = {D7081999-729F-4D7B-80BE-D2EB4324CAD1}
		{7C9C3142-26D1-4DDE-84F9-277FE4838C88} = {B140E407-D8AB-40EB-AFFE-55D011736D38}
		{1C97C96F-16A8-4549-BFAB-5E1EADA0743C} = {D7081999-729F-4D7B-80BE-D2EB4324CAD1}
		{4BF1222E-812E-448A-9C54-222DEA50B39B} = {B140E407-D8AB-40EB-AFFE-55D011736D38}
		{1969722D-E760-4488-B91E-6C19708FE2B5} = {0F99C46E-75B1-4B26-A237-425DB9EAE950}
		{7E8EF2F3-C223-4509-8919-EC80AD29231F} = {0F99C46E-75B1-4B26-A237-425DB9EAE950}
		{059633C5-11C7-4F29-878C-D87438F827D5} = {0F99C46E-75B1-4B26-A237-425DB9EAE950}
		{B9C91943-E5BB-49E5-A145-7601B2D819F3} = {0F99C46E-75B1-4B26-A237-425DB9EAE950}
		{5828FAAC-2E81-4079-A205-FC0570E517A6} = {B140E407-D8AB-40EB-AFFE-55D011736D38}
	EndGlobalSection
	GlobalSection(ExtensibilityGlobals) = postSolution
		SolutionGuid = {BA12737C-0924-4E22-9541-2D97A03299E0}
	EndGlobalSection
EndGlobal
